
Microsoft Visual Studio Solution File, Format Version 12.00
# Visual Studio Version 17
VisualStudioVersion = 17.3.32804.467
MinimumVisualStudioVersion = 10.0.40219.1
Project("{FAE04EC0-301F-11D3-BF4B-00C04F79EFBC}") = "Interface_WPF", "Interface_WPF.csproj", "{D33A9F02-9EDC-4D2D-B53B-C9CF0437B81D}"
EndProject
Global
	GlobalSection(SolutionConfigurationPlatforms) = preSolution
		Debug|Any CPU = Debug|Any CPU
		Release|Any CPU = Release|Any CPU
	EndGlobalSection
	GlobalSection(ProjectConfigurationPlatforms) = postSolution
		{D33A9F02-9EDC-4D2D-B53B-C9CF0437B81D}.Debug|Any CPU.ActiveCfg = Debug|Any CPU
		{D33A9F02-9EDC-4D2D-B53B-C9CF0437B81D}.Debug|Any CPU.Build.0 = Debug|Any CPU
		{D33A9F02-9EDC-4D2D-B53B-C9CF0437B81D}.Release|Any CPU.ActiveCfg = Release|Any CPU
		{D33A9F02-9EDC-4D2D-B53B-C9CF0437B81D}.Release|Any CPU.Build.0 = Release|Any CPU
	EndGlobalSection
	GlobalSection(SolutionProperties) = preSolution
		HideSolutionNode = FALSE
	EndGlobalSection
	GlobalSection(ExtensibilityGlobals) = postSolution
		SolutionGuid = {CECDF7A2-B850-4651-B0F2-87404DB0348F}
	EndGlobalSection
EndGlobal
